<Solution>
  <Project Path="lect1/lect1.csproj" />
  <Project Path="lect2/lect2.csproj" Id="1c0b79a6-eb70-4a21-91f0-3372258d4a01" />
  <Project Path="lect3/lect3.csproj" Id="474c116a-b90c-4d72-93df-15fe9d09914e" />
  <Project Path="lect4/lect4.csproj" Id="828889b1-ece6-4b37-a8d3-bd6e2e01f611" />
  <Project Path="Lect5/Lect5.csproj" Id="ab9a76a8-7bf4-4085-85c8-2c458d7ca36c" />
  <Project Path="Lect6/Lect6.csproj" Id="5cc22bb5-98cd-4fca-97db-ed51c6a5f990" />
  <Project Path="Lect7/Lect7.csproj" Id="47e2e295-f01b-4abe-9cc4-d29358478df4" />
</Solution>
